
Microsoft Visual Studio Solution File, Format Version 12.00
# Visual Studio Version 17
VisualStudioVersion = 17.5.33103.201
MinimumVisualStudioVersion = 10.0.40219.1
Project("{9A19103F-16F7-4668-BE54-9A1E7A4F7556}") = "Corelibs.MauiMsalAuth", "Corelibs.MauiMsalAuth\Corelibs.MauiMsalAuth.csproj", "{741D9EB5-C19F-4C3A-BD46-663DD6A38FBF}"
EndProject
Global
	GlobalSection(SolutionConfigurationPlatforms) = preSolution
		Debug|Any CPU = Debug|Any CPU
		Release|Any CPU = Release|Any CPU
	EndGlobalSection
	GlobalSection(ProjectConfigurationPlatforms) = postSolution
		{741D9EB5-C19F-4C3A-BD46-663DD6A38FBF}.Debug|Any CPU.ActiveCfg = Debug|Any CPU
		{741D9EB5-C19F-4C3A-BD46-663DD6A38FBF}.Debug|Any CPU.Build.0 = Debug|Any CPU
		{741D9EB5-C19F-4C3A-BD46-663DD6A38FBF}.Release|Any CPU.ActiveCfg = Release|Any CPU
		{741D9EB5-C19F-4C3A-BD46-663DD6A38FBF}.Release|Any CPU.Build.0 = Release|Any CPU
	EndGlobalSection
	GlobalSection(SolutionProperties) = preSolution
		HideSolutionNode = FALSE
	EndGlobalSection
	GlobalSection(ExtensibilityGlobals) = postSolution
		SolutionGuid = {8E29789C-E035-44FA-A6BF-7FEB207E88E6}
	EndGlobalSection
EndGlobal
